
Microsoft Visual Studio Solution File, Format Version 12.00
# Visual Studio Version 17
VisualStudioVersion = 17.9.34616.47
MinimumVisualStudioVersion = 10.0.40219.1
Project("{FAE04EC0-301F-11D3-BF4B-00C04F79EFBC}") = "ConsoleApp", "ConsoleApp\ConsoleApp.csproj", "{BCA694F5-2591-47E1-996E-17CB87D87D45}"
EndProject
Global
	GlobalSection(SolutionConfigurationPlatforms) = preSolution
		Debug|Any CPU = Debug|Any CPU
		Release|Any CPU = Release|Any CPU
	EndGlobalSection
	GlobalSection(ProjectConfigurationPlatforms) = postSolution
		{BCA694F5-2591-47E1-996E-17CB87D87D45}.Debug|Any CPU.ActiveCfg = Debug|Any CPU
		{BCA694F5-2591-47E1-996E-17CB87D87D45}.Debug|Any CPU.Build.0 = Debug|Any CPU
		{BCA694F5-2591-47E1-996E-17CB87D87D45}.Release|Any CPU.ActiveCfg = Release|Any CPU
		{BCA694F5-2591-47E1-996E-17CB87D87D45}.Release|Any CPU.Build.0 = Release|Any CPU
	EndGlobalSection
	GlobalSection(SolutionProperties) = preSolution
		HideSolutionNode = FALSE
	EndGlobalSection
	GlobalSection(ExtensibilityGlobals) = postSolution
		SolutionGuid = {C01B74AA-2917-4E9C-9E14-93D47FFB4FCB}
	EndGlobalSection
EndGlobal
